# THIS IS AN AUTOGENERATED FILE. DO NOT EDIT THIS FILE DIRECTLY.
# yarn lockfile v1


"@silvermine/serverless-plugin-cloudfront-lambda-edge@^2.1.1":
  version "2.1.1"
  resolved "https://registry.yarnpkg.com/@silvermine/serverless-plugin-cloudfront-lambda-edge/-/serverless-plugin-cloudfront-lambda-edge-2.1.1.tgz#7257afb7033891eb0a90ba57f7e5f4b754a53e2a"
  integrity sha512-1mmMOXMHcKjGpAk+yjNw8p43/zdKiK3z+zgrjCkc/MNK/q8GmTQ+pfkMqi0dhSozxDYCpnN9tTumRjWXgLBDjw==
  dependencies:
    class.extend "0.9.2"
    underscore "1.8.3"

class.extend@0.9.2:
  version "0.9.2"
  resolved "https://registry.yarnpkg.com/class.extend/-/class.extend-0.9.2.tgz#e1cbda3697cb31d3cdab1c001d269075c9031f78"
  integrity sha1-4cvaNpfLMdPNqxwAHSaQdckDH3g=

underscore@1.8.3:
  version "1.8.3"
  resolved "https://registry.yarnpkg.com/underscore/-/underscore-1.8.3.tgz#4f3fb53b106e6097fcf9cb4109f2a5e9bdfa5022"
  integrity sha1-Tz+1OxBuYJf8+ctBCfKl6b36UCI=
